
Microsoft Visual Studio Solution File, Format Version 12.00
# Visual Studio Version 17
VisualStudioVersion = 17.11.35327.3
MinimumVisualStudioVersion = 10.0.40219.1
Project("{FAE04EC0-301F-11D3-BF4B-00C04F79EFBC}") = "StudentPortal", "StudentPortal\StudentPortal.csproj", "{18ECC30F-0DB7-4DE2-BAC5-E9D86BEAB554}"
EndProject
Global
	GlobalSection(SolutionConfigurationPlatforms) = preSolution
		Debug|Any CPU = Debug|Any CPU
		Release|Any CPU = Release|Any CPU
	EndGlobalSection
	GlobalSection(ProjectConfigurationPlatforms) = postSolution
		{18ECC30F-0DB7-4DE2-BAC5-E9D86BEAB554}.Debug|Any CPU.ActiveCfg = Debug|Any CPU
		{18ECC30F-0DB7-4DE2-BAC5-E9D86BEAB554}.Debug|Any CPU.Build.0 = Debug|Any CPU
		{18ECC30F-0DB7-4DE2-BAC5-E9D86BEAB554}.Release|Any CPU.ActiveCfg = Release|Any CPU
		{18ECC30F-0DB7-4DE2-BAC5-E9D86BEAB554}.Release|Any CPU.Build.0 = Release|Any CPU
	EndGlobalSection
	GlobalSection(SolutionProperties) = preSolution
		HideSolutionNode = FALSE
	EndGlobalSection
	GlobalSection(ExtensibilityGlobals) = postSolution
		SolutionGuid = {37B07B64-B92B-4924-81B6-C770D680AF18}
	EndGlobalSection
EndGlobal
